
Microsoft Visual Studio Solution File, Format Version 12.00
Project("{FAE04EC0-301F-11D3-BF4B-00C04F79EFBC}") = "PlainQuery", "PlainQuery\PlainQuery.csproj", "{B85019EE-5ACA-4A8A-BD7E-5F549655B948}"
EndProject
Project("{FAE04EC0-301F-11D3-BF4B-00C04F79EFBC}") = "PlainQuery.SharedTests", "PlainQuery.SharedTests\PlainQuery.SharedTests.csproj", "{10F223AF-4314-4065-8337-810574FC2C38}"
EndProject
Project("{FAE04EC0-301F-11D3-BF4B-00C04F79EFBC}") = "PlainQuery.PostgreSqlTests", "PlainQuery.PostgreSqlTests\PlainQuery.PostgreSqlTests.csproj", "{47AE81CC-B57A-46C1-98D1-D99395655929}"
EndProject
Project("{FAE04EC0-301F-11D3-BF4B-00C04F79EFBC}") = "PlainQuery.SqlServerTests", "PlainQuery.SqlServerTests\PlainQuery.SqlServerTests.csproj", "{348EA6F9-CEE1-49D7-8CCB-531D66937B94}"
EndProject
Global
	GlobalSection(SolutionConfigurationPlatforms) = preSolution
		Debug|Any CPU = Debug|Any CPU
		Release|Any CPU = Release|Any CPU
	EndGlobalSection
	GlobalSection(ProjectConfigurationPlatforms) = postSolution
		{B85019EE-5ACA-4A8A-BD7E-5F549655B948}.Debug|Any CPU.ActiveCfg = Debug|Any CPU
		{B85019EE-5ACA-4A8A-BD7E-5F549655B948}.Debug|Any CPU.Build.0 = Debug|Any CPU
		{B85019EE-5ACA-4A8A-BD7E-5F549655B948}.Release|Any CPU.ActiveCfg = Release|Any CPU
		{B85019EE-5ACA-4A8A-BD7E-5F549655B948}.Release|Any CPU.Build.0 = Release|Any CPU
		{10F223AF-4314-4065-8337-810574FC2C38}.Debug|Any CPU.ActiveCfg = Debug|Any CPU
		{10F223AF-4314-4065-8337-810574FC2C38}.Debug|Any CPU.Build.0 = Debug|Any CPU
		{10F223AF-4314-4065-8337-810574FC2C38}.Release|Any CPU.ActiveCfg = Release|Any CPU
		{10F223AF-4314-4065-8337-810574FC2C38}.Release|Any CPU.Build.0 = Release|Any CPU
		{47AE81CC-B57A-46C1-98D1-D99395655929}.Debug|Any CPU.ActiveCfg = Debug|Any CPU
		{47AE81CC-B57A-46C1-98D1-D99395655929}.Debug|Any CPU.Build.0 = Debug|Any CPU
		{47AE81CC-B57A-46C1-98D1-D99395655929}.Release|Any CPU.ActiveCfg = Release|Any CPU
		{47AE81CC-B57A-46C1-98D1-D99395655929}.Release|Any CPU.Build.0 = Release|Any CPU
		{348EA6F9-CEE1-49D7-8CCB-531D66937B94}.Debug|Any CPU.ActiveCfg = Debug|Any CPU
		{348EA6F9-CEE1-49D7-8CCB-531D66937B94}.Debug|Any CPU.Build.0 = Debug|Any CPU
		{348EA6F9-CEE1-49D7-8CCB-531D66937B94}.Release|Any CPU.ActiveCfg = Release|Any CPU
		{348EA6F9-CEE1-49D7-8CCB-531D66937B94}.Release|Any CPU.Build.0 = Release|Any CPU
	EndGlobalSection
EndGlobal
